
Microsoft Visual Studio Solution File, Format Version 12.00
Project("{FAE04EC0-301F-11D3-BF4B-00C04F79EFBC}") = "Dashboard-Backend", "Dashboard-Backend.csproj", "{10FAB69B-7086-48FA-AB53-2A693B972E5A}"
EndProject
Global
	GlobalSection(SolutionConfigurationPlatforms) = preSolution
		Debug|Any CPU = Debug|Any CPU
		Release|Any CPU = Release|Any CPU
	EndGlobalSection
	GlobalSection(ProjectConfigurationPlatforms) = postSolution
		{10FAB69B-7086-48FA-AB53-2A693B972E5A}.Debug|Any CPU.ActiveCfg = Debug|Any CPU
		{10FAB69B-7086-48FA-AB53-2A693B972E5A}.Debug|Any CPU.Build.0 = Debug|Any CPU
		{10FAB69B-7086-48FA-AB53-2A693B972E5A}.Release|Any CPU.ActiveCfg = Release|Any CPU
		{10FAB69B-7086-48FA-AB53-2A693B972E5A}.Release|Any CPU.Build.0 = Release|Any CPU
	EndGlobalSection
EndGlobal
